// !$*UTF8*$!
{
	archiveVersion = 1;
	classes = {
	};
	objectVersion = 46;
	objects = {

/* Begin PBXBuildFile section */
		8F6571BC18F909D100477299 /* Foundation.framework in Frameworks */ = {isa = PBXBuildFile; fileRef = 8F6571BB18F909D100477299 /* Foundation.framework */; };
		8F6571BE18F909D100477299 /* CoreGraphics.framework in Frameworks */ = {isa = PBXBuildFile; fileRef = 8F6571BD18F909D100477299 /* CoreGraphics.framework */; };
		8F6571C018F909D100477299 /* UIKit.framework in Frameworks */ = {isa = PBXBuildFile; fileRef = 8F6571BF18F909D100477299 /* UIKit.framework */; };
		8F6571C618F909D100477299 /* InfoPlist.strings in Resources */ = {isa = PBXBuildFile; fileRef = 8F6571C418F909D100477299 /* InfoPlist.strings */; };
		8F6571C818F909D100477299 /* main.m in Sources */ = {isa = PBXBuildFile; fileRef = 8F6571C718F909D100477299 /* main.m */; };
		8F6571CC18F909D100477299 /* AppDelegate.m in Sources */ = {isa = PBXBuildFile; fileRef = 8F6571CB18F909D100477299 /* AppDelegate.m */; };
		8F6571CF18F909D100477299 /* Main.storyboard in Resources */ = {isa = PBXBuildFile; fileRef = 8F6571CD18F909D100477299 /* Main.storyboard */; };
		8F6571D218F909D100477299 /* ViewController.m in Sources */ = {isa = PBXBuildFile; fileRef = 8F6571D118F909D100477299 /* ViewController.m */; };
		8F6571D418F909D100477299 /* Images.xcassets in Resources */ = {isa = PBXBuildFile; fileRef = 8F6571D318F909D100477299 /* Images.xcassets */; };
		8F6571DB18F909D100477299 /* XCTest.framework in Frameworks */ = {isa = PBXBuildFile; fileRef = 8F6571DA18F909D100477299 /* XCTest.framework */; };
		8F6571DC18F909D100477299 /* Foundation.framework in Frameworks */ = {isa = PBXBuildFile; fileRef = 8F6571BB18F909D100477299 /* Foundation.framework */; };
		8F6571DD18F909D100477299 /* UIKit.framework in Frameworks */ = {isa = PBXBuildFile; fileRef = 8F6571BF18F909D100477299 /* UIKit.framework */; };
		8F6571E518F909D100477299 /* InfoPlist.strings in Resources */ = {isa = PBXBuildFile; fileRef = 8F6571E318F909D100477299 /* InfoPlist.strings */; };
		8F6571E718F909D100477299 /* ThoughtsTests.m in Sources */ = {isa = PBXBuildFile; fileRef = 8F6571E618F909D100477299 /* ThoughtsTests.m */; };
		8F6571F118F9105400477299 /* Parse.framework in Frameworks */ = {isa = PBXBuildFile; fileRef = 8F6571F018F9105400477299 /* Parse.framework */; };
		8F6571F318F9106F00477299 /* AudioToolbox.framework in Frameworks */ = {isa = PBXBuildFile; fileRef = 8F6571F218F9106F00477299 /* AudioToolbox.framework */; };
		8F6571F518F9107A00477299 /* CFNetwork.framework in Frameworks */ = {isa = PBXBuildFile; fileRef = 8F6571F418F9107A00477299 /* CFNetwork.framework */; };
		8F6571F718F9108F00477299 /* CoreLocation.framework in Frameworks */ = {isa = PBXBuildFile; fileRef = 8F6571F618F9108F00477299 /* CoreLocation.framework */; };
		8F6571F918F9109800477299 /* libz.dylib in Frameworks */ = {isa = PBXBuildFile; fileRef = 8F6571F818F9109800477299 /* libz.dylib */; };
		8F6571FB18F910A200477299 /* MobileCoreServices.framework in Frameworks */ = {isa = PBXBuildFile; fileRef = 8F6571FA18F910A200477299 /* MobileCoreServices.framework */; };
		8F6571FD18F910AB00477299 /* QuartzCore.framework in Frameworks */ = {isa = PBXBuildFile; fileRef = 8F6571FC18F910AB00477299 /* QuartzCore.framework */; };
		8F6571FF18F910C000477299 /* Security.framework in Frameworks */ = {isa = PBXBuildFile; fileRef = 8F6571FE18F910C000477299 /* Security.framework */; };
		8F65720118F910C900477299 /* StoreKit.framework in Frameworks */ = {isa = PBXBuildFile; fileRef = 8F65720018F910C900477299 /* StoreKit.framework */; };
		8F65720318F910D100477299 /* SystemConfiguration.framework in Frameworks */ = {isa = PBXBuildFile; fileRef = 8F65720218F910D100477299 /* SystemConfiguration.framework */; };
		8F65720518F915AE00477299 /* FacebookSDK.framework in Frameworks */ = {isa = PBXBuildFile; fileRef = 8F65720418F915AE00477299 /* FacebookSDK.framework */; };
		8F65720718F9162600477299 /* Twitter.framework in Frameworks */ = {isa = PBXBuildFile; fileRef = 8F65720618F9162600477299 /* Twitter.framework */; };
		8F65720918F916A500477299 /* Social.framework in Frameworks */ = {isa = PBXBuildFile; fileRef = 8F65720818F916A500477299 /* Social.framework */; };
		8F65720B18F916E700477299 /* Accounts.framework in Frameworks */ = {isa = PBXBuildFile; fileRef = 8F65720A18F916E700477299 /* Accounts.framework */; };
		8F65720E18F927E700477299 /* MapViewController.m in Sources */ = {isa = PBXBuildFile; fileRef = 8F65720D18F927E700477299 /* MapViewController.m */; };
		8F65721018F9288500477299 /* GoogleMaps.framework in Frameworks */ = {isa = PBXBuildFile; fileRef = 8F65720F18F9288500477299 /* GoogleMaps.framework */; };
		8F65721218F928C700477299 /* GoogleMaps.bundle in Resources */ = {isa = PBXBuildFile; fileRef = 8F65721118F928C700477299 /* GoogleMaps.bundle */; };
		8F65721418F9293B00477299 /* libc++.dylib in Frameworks */ = {isa = PBXBuildFile; fileRef = 8F65721318F9293B00477299 /* libc++.dylib */; };
		8F65721618F9294100477299 /* ImageIO.framework in Frameworks */ = {isa = PBXBuildFile; fileRef = 8F65721518F9294100477299 /* ImageIO.framework */; };
		8F65721818F9294600477299 /* AVFoundation.framework in Frameworks */ = {isa = PBXBuildFile; fileRef = 8F65721718F9294600477299 /* AVFoundation.framework */; };
		8F65721A18F9295000477299 /* CoreText.framework in Frameworks */ = {isa = PBXBuildFile; fileRef = 8F65721918F9295000477299 /* CoreText.framework */; };
		8F65721C18F9295400477299 /* CoreData.framework in Frameworks */ = {isa = PBXBuildFile; fileRef = 8F65721B18F9295400477299 /* CoreData.framework */; };
		8F65721E18F9296000477299 /* libicucore.dylib in Frameworks */ = {isa = PBXBuildFile; fileRef = 8F65721D18F9296000477299 /* libicucore.dylib */; };
		8F65722018F929D300477299 /* OpenGLES.framework in Frameworks */ = {isa = PBXBuildFile; fileRef = 8F65721F18F929D300477299 /* OpenGLES.framework */; };
		8F65722218F929EB00477299 /* GLKit.framework in Frameworks */ = {isa = PBXBuildFile; fileRef = 8F65722118F929EB00477299 /* GLKit.framework */; };
		8F65722518F9B87600477299 /* LocationManager.m in Sources */ = {isa = PBXBuildFile; fileRef = 8F65722418F9B87600477299 /* LocationManager.m */; };
		8F65722918FA01CC00477299 /* background.png in Resources */ = {isa = PBXBuildFile; fileRef = 8F65722818FA01CC00477299 /* background.png */; };
		8F65722B18FA07DF00477299 /* Mapbox.framework in Frameworks */ = {isa = PBXBuildFile; fileRef = 8F65722A18FA07DF00477299 /* Mapbox.framework */; };
		8F65722D18FA088D00477299 /* libsqlite3.dylib in Frameworks */ = {isa = PBXBuildFile; fileRef = 8F65722C18FA088D00477299 /* libsqlite3.dylib */; };
		8F65722F18FA08A600477299 /* Mapbox.bundle in Resources */ = {isa = PBXBuildFile; fileRef = 8F65722E18FA08A600477299 /* Mapbox.bundle */; };
		8F65723518FA1EDD00477299 /* MessageUI.framework in Frameworks */ = {isa = PBXBuildFile; fileRef = 8F65723418FA1EDD00477299 /* MessageUI.framework */; };
		8F65723818FA356A00477299 /* Rdio.framework in Frameworks */ = {isa = PBXBuildFile; fileRef = 8F65723618FA2ADE00477299 /* Rdio.framework */; };
		8F65723A18FA4B7B00477299 /* Firebase.framework in Frameworks */ = {isa = PBXBuildFile; fileRef = 8F65723918FA4B7B00477299 /* Firebase.framework */; };
		8F65723C18FA52D500477299 /* shoutout_white.png in Resources */ = {isa = PBXBuildFile; fileRef = 8F65723B18FA52D500477299 /* shoutout_white.png */; };
		8F65723E18FA5A1C00477299 /* search.png in Resources */ = {isa = PBXBuildFile; fileRef = 8F65723D18FA5A1C00477299 /* search.png */; };
/* End PBXBuildFile section */

/* Begin PBXContainerItemProxy section */
		8F6571DE18F909D100477299 /* PBXContainerItemProxy */ = {
			isa = PBXContainerItemProxy;
			containerPortal = 8F6571B018F909D100477299 /* Project object */;
			proxyType = 1;
			remoteGlobalIDString = 8F6571B718F909D100477299;
			remoteInfo = Thoughts;
		};
/* End PBXContainerItemProxy section */

/* Begin PBXFileReference section */
		8F6571B818F909D100477299 /* Thoughts.app */ = {isa = PBXFileReference; explicitFileType = wrapper.application; includeInIndex = 0; path = Thoughts.app; sourceTree = BUILT_PRODUCTS_DIR; };
		8F6571BB18F909D100477299 /* Foundation.framework */ = {isa = PBXFileReference; lastKnownFileType = wrapper.framework; name = Foundation.framework; path = System/Library/Frameworks/Foundation.framework; sourceTree = SDKROOT; };
		8F6571BD18F909D100477299 /* CoreGraphics.framework */ = {isa = PBXFileReference; lastKnownFileType = wrapper.framework; name = CoreGraphics.framework; path = System/Library/Frameworks/CoreGraphics.framework; sourceTree = SDKROOT; };
		8F6571BF18F909D100477299 /* UIKit.framework */ = {isa = PBXFileReference; lastKnownFileType = wrapper.framework; name = UIKit.framework; path = System/Library/Frameworks/UIKit.framework; sourceTree = SDKROOT; };
		8F6571C318F909D100477299 /* Thoughts-Info.plist */ = {isa = PBXFileReference; lastKnownFileType = text.plist.xml; path = "Thoughts-Info.plist"; sourceTree = "<group>"; };
		8F6571C518F909D100477299 /* en */ = {isa = PBXFileReference; lastKnownFileType = text.plist.strings; name = en; path = en.lproj/InfoPlist.strings; sourceTree = "<group>"; };
		8F6571C718F909D100477299 /* main.m */ = {isa = PBXFileReference; lastKnownFileType = sourcecode.c.objc; path = main.m; sourceTree = "<group>"; };
		8F6571C918F909D100477299 /* Thoughts-Prefix.pch */ = {isa = PBXFileReference; lastKnownFileType = sourcecode.c.h; path = "Thoughts-Prefix.pch"; sourceTree = "<group>"; };
		8F6571CA18F909D100477299 /* AppDelegate.h */ = {isa = PBXFileReference; lastKnownFileType = sourcecode.c.h; path = AppDelegate.h; sourceTree = "<group>"; };
		8F6571CB18F909D100477299 /* AppDelegate.m */ = {isa = PBXFileReference; lastKnownFileType = sourcecode.c.objc; path = AppDelegate.m; sourceTree = "<group>"; };
		8F6571CE18F909D100477299 /* Base */ = {isa = PBXFileReference; lastKnownFileType = file.storyboard; name = Base; path = Base.lproj/Main.storyboard; sourceTree = "<group>"; };
		8F6571D018F909D100477299 /* ViewController.h */ = {isa = PBXFileReference; lastKnownFileType = sourcecode.c.h; path = ViewController.h; sourceTree = "<group>"; };
		8F6571D118F909D100477299 /* ViewController.m */ = {isa = PBXFileReference; lastKnownFileType = sourcecode.c.objc; path = ViewController.m; sourceTree = "<group>"; };
		8F6571D318F909D100477299 /* Images.xcassets */ = {isa = PBXFileReference; lastKnownFileType = folder.assetcatalog; path = Images.xcassets; sourceTree = "<group>"; };
		8F6571D918F909D100477299 /* ThoughtsTests.xctest */ = {isa = PBXFileReference; explicitFileType = wrapper.cfbundle; includeInIndex = 0; path = ThoughtsTests.xctest; sourceTree = BUILT_PRODUCTS_DIR; };
		8F6571DA18F909D100477299 /* XCTest.framework */ = {isa = PBXFileReference; lastKnownFileType = wrapper.framework; name = XCTest.framework; path = Library/Frameworks/XCTest.framework; sourceTree = DEVELOPER_DIR; };
		8F6571E218F909D100477299 /* ThoughtsTests-Info.plist */ = {isa = PBXFileReference; lastKnownFileType = text.plist.xml; path = "ThoughtsTests-Info.plist"; sourceTree = "<group>"; };
		8F6571E418F909D100477299 /* en */ = {isa = PBXFileReference; lastKnownFileType = text.plist.strings; name = en; path = en.lproj/InfoPlist.strings; sourceTree = "<group>"; };
		8F6571E618F909D100477299 /* ThoughtsTests.m */ = {isa = PBXFileReference; lastKnownFileType = sourcecode.c.objc; path = ThoughtsTests.m; sourceTree = "<group>"; };
		8F6571F018F9105400477299 /* Parse.framework */ = {isa = PBXFileReference; lastKnownFileType = wrapper.framework; path = Parse.framework; sourceTree = "<group>"; };
		8F6571F218F9106F00477299 /* AudioToolbox.framework */ = {isa = PBXFileReference; lastKnownFileType = wrapper.framework; name = AudioToolbox.framework; path = System/Library/Frameworks/AudioToolbox.framework; sourceTree = SDKROOT; };
		8F6571F418F9107A00477299 /* CFNetwork.framework */ = {isa = PBXFileReference; lastKnownFileType = wrapper.framework; name = CFNetwork.framework; path = System/Library/Frameworks/CFNetwork.framework; sourceTree = SDKROOT; };
		8F6571F618F9108F00477299 /* CoreLocation.framework */ = {isa = PBXFileReference; lastKnownFileType = wrapper.framework; name = CoreLocation.framework; path = System/Library/Frameworks/CoreLocation.framework; sourceTree = SDKROOT; };
		8F6571F818F9109800477299 /* libz.dylib */ = {isa = PBXFileReference; lastKnownFileType = "compiled.mach-o.dylib"; name = libz.dylib; path = usr/lib/libz.dylib; sourceTree = SDKROOT; };
		8F6571FA18F910A200477299 /* MobileCoreServices.framework */ = {isa = PBXFileReference; lastKnownFileType = wrapper.framework; name = MobileCoreServices.framework; path = System/Library/Frameworks/MobileCoreServices.framework; sourceTree = SDKROOT; };
		8F6571FC18F910AB00477299 /* QuartzCore.framework */ = {isa = PBXFileReference; lastKnownFileType = wrapper.framework; name = QuartzCore.framework; path = System/Library/Frameworks/QuartzCore.framework; sourceTree = SDKROOT; };
		8F6571FE18F910C000477299 /* Security.framework */ = {isa = PBXFileReference; lastKnownFileType = wrapper.framework; name = Security.framework; path = System/Library/Frameworks/Security.framework; sourceTree = SDKROOT; };
		8F65720018F910C900477299 /* StoreKit.framework */ = {isa = PBXFileReference; lastKnownFileType = wrapper.framework; name = StoreKit.framework; path = System/Library/Frameworks/StoreKit.framework; sourceTree = SDKROOT; };
		8F65720218F910D100477299 /* SystemConfiguration.framework */ = {isa = PBXFileReference; lastKnownFileType = wrapper.framework; name = SystemConfiguration.framework; path = System/Library/Frameworks/SystemConfiguration.framework; sourceTree = SDKROOT; };
		8F65720418F915AE00477299 /* FacebookSDK.framework */ = {isa = PBXFileReference; lastKnownFileType = wrapper.framework; path = FacebookSDK.framework; sourceTree = "<group>"; };
		8F65720618F9162600477299 /* Twitter.framework */ = {isa = PBXFileReference; lastKnownFileType = wrapper.framework; name = Twitter.framework; path = System/Library/Frameworks/Twitter.framework; sourceTree = SDKROOT; };
		8F65720818F916A500477299 /* Social.framework */ = {isa = PBXFileReference; lastKnownFileType = wrapper.framework; name = Social.framework; path = System/Library/Frameworks/Social.framework; sourceTree = SDKROOT; };
		8F65720A18F916E700477299 /* Accounts.framework */ = {isa = PBXFileReference; lastKnownFileType = wrapper.framework; name = Accounts.framework; path = System/Library/Frameworks/Accounts.framework; sourceTree = SDKROOT; };
		8F65720C18F927E700477299 /* MapViewController.h */ = {isa = PBXFileReference; fileEncoding = 4; lastKnownFileType = sourcecode.c.h; path = MapViewController.h; sourceTree = "<group>"; };
		8F65720D18F927E700477299 /* MapViewController.m */ = {isa = PBXFileReference; fileEncoding = 4; lastKnownFileType = sourcecode.c.objc; path = MapViewController.m; sourceTree = "<group>"; };
		8F65720F18F9288500477299 /* GoogleMaps.framework */ = {isa = PBXFileReference; lastKnownFileType = wrapper.framework; path = GoogleMaps.framework; sourceTree = "<group>"; };
		8F65721118F928C700477299 /* GoogleMaps.bundle */ = {isa = PBXFileReference; lastKnownFileType = "wrapper.plug-in"; name = GoogleMaps.bundle; path = GoogleMaps.framework/Versions/A/Resources/GoogleMaps.bundle; sourceTree = "<group>"; };
		8F65721318F9293B00477299 /* libc++.dylib */ = {isa = PBXFileReference; lastKnownFileType = "compiled.mach-o.dylib"; name = "libc++.dylib"; path = "usr/lib/libc++.dylib"; sourceTree = SDKROOT; };
		8F65721518F9294100477299 /* ImageIO.framework */ = {isa = PBXFileReference; lastKnownFileType = wrapper.framework; name = ImageIO.framework; path = System/Library/Frameworks/ImageIO.framework; sourceTree = SDKROOT; };
		8F65721718F9294600477299 /* AVFoundation.framework */ = {isa = PBXFileReference; lastKnownFileType = wrapper.framework; name = AVFoundation.framework; path = System/Library/Frameworks/AVFoundation.framework; sourceTree = SDKROOT; };
		8F65721918F9295000477299 /* CoreText.framework */ = {isa = PBXFileReference; lastKnownFileType = wrapper.framework; name = CoreText.framework; path = System/Library/Frameworks/CoreText.framework; sourceTree = SDKROOT; };
		8F65721B18F9295400477299 /* CoreData.framework */ = {isa = PBXFileReference; lastKnownFileType = wrapper.framework; name = CoreData.framework; path = System/Library/Frameworks/CoreData.framework; sourceTree = SDKROOT; };
		8F65721D18F9296000477299 /* libicucore.dylib */ = {isa = PBXFileReference; lastKnownFileType = "compiled.mach-o.dylib"; name = libicucore.dylib; path = usr/lib/libicucore.dylib; sourceTree = SDKROOT; };
		8F65721F18F929D300477299 /* OpenGLES.framework */ = {isa = PBXFileReference; lastKnownFileType = wrapper.framework; name = OpenGLES.framework; path = System/Library/Frameworks/OpenGLES.framework; sourceTree = SDKROOT; };
		8F65722118F929EB00477299 /* GLKit.framework */ = {isa = PBXFileReference; lastKnownFileType = wrapper.framework; name = GLKit.framework; path = System/Library/Frameworks/GLKit.framework; sourceTree = SDKROOT; };
		8F65722318F9B87600477299 /* LocationManager.h */ = {isa = PBXFileReference; fileEncoding = 4; lastKnownFileType = sourcecode.c.h; path = LocationManager.h; sourceTree = "<group>"; };
		8F65722418F9B87600477299 /* LocationManager.m */ = {isa = PBXFileReference; fileEncoding = 4; lastKnownFileType = sourcecode.c.objc; path = LocationManager.m; sourceTree = "<group>"; };
		8F65722818FA01CC00477299 /* background.png */ = {isa = PBXFileReference; lastKnownFileType = image.png; path = background.png; sourceTree = "<group>"; };
		8F65722A18FA07DF00477299 /* Mapbox.framework */ = {isa = PBXFileReference; lastKnownFileType = wrapper.framework; path = Mapbox.framework; sourceTree = "<group>"; };
		8F65722C18FA088D00477299 /* libsqlite3.dylib */ = {isa = PBXFileReference; lastKnownFileType = "compiled.mach-o.dylib"; name = libsqlite3.dylib; path = usr/lib/libsqlite3.dylib; sourceTree = SDKROOT; };
		8F65722E18FA08A600477299 /* Mapbox.bundle */ = {isa = PBXFileReference; lastKnownFileType = "wrapper.plug-in"; path = Mapbox.bundle; sourceTree = "<group>"; };
		8F65723418FA1EDD00477299 /* MessageUI.framework */ = {isa = PBXFileReference; lastKnownFileType = wrapper.framework; name = MessageUI.framework; path = System/Library/Frameworks/MessageUI.framework; sourceTree = SDKROOT; };
		8F65723618FA2ADE00477299 /* Rdio.framework */ = {isa = PBXFileReference; lastKnownFileType = wrapper.framework; path = Rdio.framework; sourceTree = "<group>"; };
		8F65723918FA4B7B00477299 /* Firebase.framework */ = {isa = PBXFileReference; lastKnownFileType = wrapper.framework; path = Firebase.framework; sourceTree = "<group>"; };
		8F65723B18FA52D500477299 /* shoutout_white.png */ = {isa = PBXFileReference; lastKnownFileType = image.png; path = shoutout_white.png; sourceTree = "<group>"; };
		8F65723D18FA5A1C00477299 /* search.png */ = {isa = PBXFileReference; lastKnownFileType = image.png; path = search.png; sourceTree = "<group>"; };
/* End PBXFileReference section */

/* Begin PBXFrameworksBuildPhase section */
		8F6571B518F909D100477299 /* Frameworks */ = {
			isa = PBXFrameworksBuildPhase;
			buildActionMask = 2147483647;
			files = (
				8F65723818FA356A00477299 /* Rdio.framework in Frameworks */,
				8F6571FF18F910C000477299 /* Security.framework in Frameworks */,
				8F6571F318F9106F00477299 /* AudioToolbox.framework in Frameworks */,
				8F65723A18FA4B7B00477299 /* Firebase.framework in Frameworks */,
				8F65720318F910D100477299 /* SystemConfiguration.framework in Frameworks */,
				8F6571F518F9107A00477299 /* CFNetwork.framework in Frameworks */,
				8F6571BE18F909D100477299 /* CoreGraphics.framework in Frameworks */,
				8F65723518FA1EDD00477299 /* MessageUI.framework in Frameworks */,
				8F65722D18FA088D00477299 /* libsqlite3.dylib in Frameworks */,
				8F65722218F929EB00477299 /* GLKit.framework in Frameworks */,
				8F65722018F929D300477299 /* OpenGLES.framework in Frameworks */,
				8F65721E18F9296000477299 /* libicucore.dylib in Frameworks */,
				8F65721C18F9295400477299 /* CoreData.framework in Frameworks */,
				8F65721A18F9295000477299 /* CoreText.framework in Frameworks */,
				8F65721818F9294600477299 /* AVFoundation.framework in Frameworks */,
				8F65721618F9294100477299 /* ImageIO.framework in Frameworks */,
				8F65721418F9293B00477299 /* libc++.dylib in Frameworks */,
				8F65720B18F916E700477299 /* Accounts.framework in Frameworks */,
				8F65720918F916A500477299 /* Social.framework in Frameworks */,
				8F65720118F910C900477299 /* StoreKit.framework in Frameworks */,
				8F65721018F9288500477299 /* GoogleMaps.framework in Frameworks */,
				8F6571FD18F910AB00477299 /* QuartzCore.framework in Frameworks */,
				8F65720718F9162600477299 /* Twitter.framework in Frameworks */,
				8F6571BC18F909D100477299 /* Foundation.framework in Frameworks */,
				8F6571FB18F910A200477299 /* MobileCoreServices.framework in Frameworks */,
				8F6571F918F9109800477299 /* libz.dylib in Frameworks */,
				8F6571F718F9108F00477299 /* CoreLocation.framework in Frameworks */,
				8F6571C018F909D100477299 /* UIKit.framework in Frameworks */,
				8F6571F118F9105400477299 /* Parse.framework in Frameworks */,
				8F65720518F915AE00477299 /* FacebookSDK.framework in Frameworks */,
				8F65722B18FA07DF00477299 /* Mapbox.framework in Frameworks */,
			);
			runOnlyForDeploymentPostprocessing = 0;
		};
		8F6571D618F909D100477299 /* Frameworks */ = {
			isa = PBXFrameworksBuildPhase;
			buildActionMask = 2147483647;
			files = (
				8F6571DB18F909D100477299 /* XCTest.framework in Frameworks */,
				8F6571DD18F909D100477299 /* UIKit.framework in Frameworks */,
				8F6571DC18F909D100477299 /* Foundation.framework in Frameworks */,
			);
			runOnlyForDeploymentPostprocessing = 0;
		};
/* End PBXFrameworksBuildPhase section */

/* Begin PBXGroup section */
		8F6571AF18F909D100477299 = {
			isa = PBXGroup;
			children = (
				8F6571C118F909D100477299 /* Thoughts */,
				8F6571E018F909D100477299 /* ThoughtsTests */,
				8F6571BA18F909D100477299 /* Frameworks */,
				8F6571B918F909D100477299 /* Products */,
			);
			sourceTree = "<group>";
		};
		8F6571B918F909D100477299 /* Products */ = {
			isa = PBXGroup;
			children = (
				8F6571B818F909D100477299 /* Thoughts.app */,
				8F6571D918F909D100477299 /* ThoughtsTests.xctest */,
			);
			name = Products;
			sourceTree = "<group>";
		};
		8F6571BA18F909D100477299 /* Frameworks */ = {
			isa = PBXGroup;
			children = (
				8F65723918FA4B7B00477299 /* Firebase.framework */,
				8F65723618FA2ADE00477299 /* Rdio.framework */,
				8F65723418FA1EDD00477299 /* MessageUI.framework */,
				8F65722E18FA08A600477299 /* Mapbox.bundle */,
				8F65722C18FA088D00477299 /* libsqlite3.dylib */,
				8F65722A18FA07DF00477299 /* Mapbox.framework */,
				8F65722118F929EB00477299 /* GLKit.framework */,
				8F65721F18F929D300477299 /* OpenGLES.framework */,
				8F65721D18F9296000477299 /* libicucore.dylib */,
				8F65721B18F9295400477299 /* CoreData.framework */,
				8F65721918F9295000477299 /* CoreText.framework */,
				8F65721718F9294600477299 /* AVFoundation.framework */,
				8F65721518F9294100477299 /* ImageIO.framework */,
				8F65721318F9293B00477299 /* libc++.dylib */,
				8F65721118F928C700477299 /* GoogleMaps.bundle */,
				8F65720F18F9288500477299 /* GoogleMaps.framework */,
				8F65720A18F916E700477299 /* Accounts.framework */,
				8F65720818F916A500477299 /* Social.framework */,
				8F65720618F9162600477299 /* Twitter.framework */,
				8F65720418F915AE00477299 /* FacebookSDK.framework */,
				8F65720218F910D100477299 /* SystemConfiguration.framework */,
				8F65720018F910C900477299 /* StoreKit.framework */,
				8F6571FE18F910C000477299 /* Security.framework */,
				8F6571FC18F910AB00477299 /* QuartzCore.framework */,
				8F6571FA18F910A200477299 /* MobileCoreServices.framework */,
				8F6571F818F9109800477299 /* libz.dylib */,
				8F6571F618F9108F00477299 /* CoreLocation.framework */,
				8F6571F418F9107A00477299 /* CFNetwork.framework */,
				8F6571F218F9106F00477299 /* AudioToolbox.framework */,
				8F6571F018F9105400477299 /* Parse.framework */,
				8F6571BB18F909D100477299 /* Foundation.framework */,
				8F6571BD18F909D100477299 /* CoreGraphics.framework */,
				8F6571BF18F909D100477299 /* UIKit.framework */,
				8F6571DA18F909D100477299 /* XCTest.framework */,
			);
			name = Frameworks;
			sourceTree = "<group>";
		};
		8F6571C118F909D100477299 /* Thoughts */ = {
			isa = PBXGroup;
			children = (
				8F65723B18FA52D500477299 /* shoutout_white.png */,
				8F65722818FA01CC00477299 /* background.png */,
				8F65723D18FA5A1C00477299 /* search.png */,
				8F6571CA18F909D100477299 /* AppDelegate.h */,
				8F6571CB18F909D100477299 /* AppDelegate.m */,
				8F6571CD18F909D100477299 /* Main.storyboard */,
				8F65720C18F927E700477299 /* MapViewController.h */,
				8F65720D18F927E700477299 /* MapViewController.m */,
				8F6571D018F909D100477299 /* ViewController.h */,
				8F6571D118F909D100477299 /* ViewController.m */,
				8F65722318F9B87600477299 /* LocationManager.h */,
				8F65722418F9B87600477299 /* LocationManager.m */,
				8F6571D318F909D100477299 /* Images.xcassets */,
				8F6571C218F909D100477299 /* Supporting Files */,
			);
			path = Thoughts;
			sourceTree = "<group>";
		};
		8F6571C218F909D100477299 /* Supporting Files */ = {
			isa = PBXGroup;
			children = (
				8F6571C318F909D100477299 /* Thoughts-Info.plist */,
				8F6571C418F909D100477299 /* InfoPlist.strings */,
				8F6571C718F909D100477299 /* main.m */,
				8F6571C918F909D100477299 /* Thoughts-Prefix.pch */,
			);
			name = "Supporting Files";
			sourceTree = "<group>";
		};
		8F6571E018F909D100477299 /* ThoughtsTests */ = {
			isa = PBXGroup;
			children = (
				8F6571E618F909D100477299 /* ThoughtsTests.m */,
				8F6571E118F909D100477299 /* Supporting Files */,
			);
			path = ThoughtsTests;
			sourceTree = "<group>";
		};
		8F6571E118F909D100477299 /* Supporting Files */ = {
			isa = PBXGroup;
			children = (
				8F6571E218F909D100477299 /* ThoughtsTests-Info.plist */,
				8F6571E318F909D100477299 /* InfoPlist.strings */,
			);
			name = "Supporting Files";
			sourceTree = "<group>";
		};
/* End PBXGroup section */

/* Begin PBXNativeTarget section */
		8F6571B718F909D100477299 /* Thoughts */ = {
			isa = PBXNativeTarget;
			buildConfigurationList = 8F6571EA18F909D100477299 /* Build configuration list for PBXNativeTarget "Thoughts" */;
			buildPhases = (
				8F6571B418F909D100477299 /* Sources */,
				8F6571B518F909D100477299 /* Frameworks */,
				8F6571B618F909D100477299 /* Resources */,
			);
			buildRules = (
			);
			dependencies = (
			);
			name = Thoughts;
			productName = Thoughts;
			productReference = 8F6571B818F909D100477299 /* Thoughts.app */;
			productType = "com.apple.product-type.application";
		};
		8F6571D818F909D100477299 /* ThoughtsTests */ = {
			isa = PBXNativeTarget;
			buildConfigurationList = 8F6571ED18F909D100477299 /* Build configuration list for PBXNativeTarget "ThoughtsTests" */;
			buildPhases = (
				8F6571D518F909D100477299 /* Sources */,
				8F6571D618F909D100477299 /* Frameworks */,
				8F6571D718F909D100477299 /* Resources */,
			);
			buildRules = (
			);
			dependencies = (
				8F6571DF18F909D100477299 /* PBXTargetDependency */,
			);
			name = ThoughtsTests;
			productName = ThoughtsTests;
			productReference = 8F6571D918F909D100477299 /* ThoughtsTests.xctest */;
			productType = "com.apple.product-type.bundle.unit-test";
		};
/* End PBXNativeTarget section */

/* Begin PBXProject section */
		8F6571B018F909D100477299 /* Project object */ = {
			isa = PBXProject;
			attributes = {
				LastUpgradeCheck = 0510;
				ORGANIZATIONNAME = "Mayank Jain";
				TargetAttributes = {
					8F6571D818F909D100477299 = {
						TestTargetID = 8F6571B718F909D100477299;
					};
				};
			};
			buildConfigurationList = 8F6571B318F909D100477299 /* Build configuration list for PBXProject "Thoughts" */;
			compatibilityVersion = "Xcode 3.2";
			developmentRegion = English;
			hasScannedForEncodings = 0;
			knownRegions = (
				en,
				Base,
			);
			mainGroup = 8F6571AF18F909D100477299;
			productRefGroup = 8F6571B918F909D100477299 /* Products */;
			projectDirPath = "";
			projectRoot = "";
			targets = (
				8F6571B718F909D100477299 /* Thoughts */,
				8F6571D818F909D100477299 /* ThoughtsTests */,
			);
		};
/* End PBXProject section */

/* Begin PBXResourcesBuildPhase section */
		8F6571B618F909D100477299 /* Resources */ = {
			isa = PBXResourcesBuildPhase;
			buildActionMask = 2147483647;
			files = (
				8F65723C18FA52D500477299 /* shoutout_white.png in Resources */,
				8F6571D418F909D100477299 /* Images.xcassets in Resources */,
				8F65722918FA01CC00477299 /* background.png in Resources */,
				8F65723E18FA5A1C00477299 /* search.png in Resources */,
				8F6571C618F909D100477299 /* InfoPlist.strings in Resources */,
				8F65722F18FA08A600477299 /* Mapbox.bundle in Resources */,
				8F6571CF18F909D100477299 /* Main.storyboard in Resources */,
				8F65721218F928C700477299 /* GoogleMaps.bundle in Resources */,
			);
			runOnlyForDeploymentPostprocessing = 0;
		};
		8F6571D718F909D100477299 /* Resources */ = {
			isa = PBXResourcesBuildPhase;
			buildActionMask = 2147483647;
			files = (
				8F6571E518F909D100477299 /* InfoPlist.strings in Resources */,
			);
			runOnlyForDeploymentPostprocessing = 0;
		};
/* End PBXResourcesBuildPhase section */

/* Begin PBXSourcesBuildPhase section */
		8F6571B418F909D100477299 /* Sources */ = {
			isa = PBXSourcesBuildPhase;
			buildActionMask = 2147483647;
			files = (
				8F6571D218F909D100477299 /* ViewController.m in Sources */,
				8F65722518F9B87600477299 /* LocationManager.m in Sources */,
				8F6571CC18F909D100477299 /* AppDelegate.m in Sources */,
				8F6571C818F909D100477299 /* main.m in Sources */,
				8F65720E18F927E700477299 /* MapViewController.m in Sources */,
			);
			runOnlyForDeploymentPostprocessing = 0;
		};
		8F6571D518F909D100477299 /* Sources */ = {
			isa = PBXSourcesBuildPhase;
			buildActionMask = 2147483647;
			files = (
				8F6571E718F909D100477299 /* ThoughtsTests.m in Sources */,
			);
			runOnlyForDeploymentPostprocessing = 0;
		};
/* End PBXSourcesBuildPhase section */

/* Begin PBXTargetDependency section */
		8F6571DF18F909D100477299 /* PBXTargetDependency */ = {
			isa = PBXTargetDependency;
			target = 8F6571B718F909D100477299 /* Thoughts */;
			targetProxy = 8F6571DE18F909D100477299 /* PBXContainerItemProxy */;
		};
/* End PBXTargetDependency section */

/* Begin PBXVariantGroup section */
		8F6571C418F909D100477299 /* InfoPlist.strings */ = {
			isa = PBXVariantGroup;
			children = (
				8F6571C518F909D100477299 /* en */,
			);
			name = InfoPlist.strings;
			sourceTree = "<group>";
		};
		8F6571CD18F909D100477299 /* Main.storyboard */ = {
			isa = PBXVariantGroup;
			children = (
				8F6571CE18F909D100477299 /* Base */,
			);
			name = Main.storyboard;
			sourceTree = "<group>";
		};
		8F6571E318F909D100477299 /* InfoPlist.strings */ = {
			isa = PBXVariantGroup;
			children = (
				8F6571E418F909D100477299 /* en */,
			);
			name = InfoPlist.strings;
			sourceTree = "<group>";
		};
/* End PBXVariantGroup section */

/* Begin XCBuildConfiguration section */
		8F6571E818F909D100477299 /* Debug */ = {
			isa = XCBuildConfiguration;
			buildSettings = {
				ALWAYS_SEARCH_USER_PATHS = NO;
				CLANG_CXX_LANGUAGE_STANDARD = "gnu++0x";
				CLANG_CXX_LIBRARY = "libc++";
				CLANG_ENABLE_MODULES = YES;
				CLANG_ENABLE_OBJC_ARC = YES;
				CLANG_WARN_BOOL_CONVERSION = YES;
				CLANG_WARN_CONSTANT_CONVERSION = YES;
				CLANG_WARN_DIRECT_OBJC_ISA_USAGE = YES_ERROR;
				CLANG_WARN_EMPTY_BODY = YES;
				CLANG_WARN_ENUM_CONVERSION = YES;
				CLANG_WARN_INT_CONVERSION = YES;
				CLANG_WARN_OBJC_ROOT_CLASS = YES_ERROR;
				CLANG_WARN__DUPLICATE_METHOD_MATCH = YES;
				"CODE_SIGN_IDENTITY[sdk=iphoneos*]" = "iPhone Developer";
				COPY_PHASE_STRIP = NO;
				GCC_C_LANGUAGE_STANDARD = gnu99;
				GCC_DYNAMIC_NO_PIC = NO;
				GCC_OPTIMIZATION_LEVEL = 0;
				GCC_PREPROCESSOR_DEFINITIONS = (
					"DEBUG=1",
					"$(inherited)",
				);
				GCC_SYMBOLS_PRIVATE_EXTERN = NO;
				GCC_WARN_64_TO_32_BIT_CONVERSION = YES;
				GCC_WARN_ABOUT_RETURN_TYPE = YES_ERROR;
				GCC_WARN_UNDECLARED_SELECTOR = YES;
				GCC_WARN_UNINITIALIZED_AUTOS = YES_AGGRESSIVE;
				GCC_WARN_UNUSED_FUNCTION = YES;
				GCC_WARN_UNUSED_VARIABLE = YES;
				IPHONEOS_DEPLOYMENT_TARGET = 7.1;
				ONLY_ACTIVE_ARCH = YES;
				SDKROOT = iphoneos;
			};
			name = Debug;
		};
		8F6571E918F909D100477299 /* Release */ = {
			isa = XCBuildConfiguration;
			buildSettings = {
				ALWAYS_SEARCH_USER_PATHS = NO;
				CLANG_CXX_LANGUAGE_STANDARD = "gnu++0x";
				CLANG_CXX_LIBRARY = "libc++";
				CLANG_ENABLE_MODULES = YES;
				CLANG_ENABLE_OBJC_ARC = YES;
				CLANG_WARN_BOOL_CONVERSION = YES;
				CLANG_WARN_CONSTANT_CONVERSION = YES;
				CLANG_WARN_DIRECT_OBJC_ISA_USAGE = YES_ERROR;
				CLANG_WARN_EMPTY_BODY = YES;
				CLANG_WARN_ENUM_CONVERSION = YES;
				CLANG_WARN_INT_CONVERSION = YES;
				CLANG_WARN_OBJC_ROOT_CLASS = YES_ERROR;
				CLANG_WARN__DUPLICATE_METHOD_MATCH = YES;
				"CODE_SIGN_IDENTITY[sdk=iphoneos*]" = "iPhone Developer";
				COPY_PHASE_STRIP = YES;
				ENABLE_NS_ASSERTIONS = NO;
				GCC_C_LANGUAGE_STANDARD = gnu99;
				GCC_WARN_64_TO_32_BIT_CONVERSION = YES;
				GCC_WARN_ABOUT_RETURN_TYPE = YES_ERROR;
				GCC_WARN_UNDECLARED_SELECTOR = YES;
				GCC_WARN_UNINITIALIZED_AUTOS = YES_AGGRESSIVE;
				GCC_WARN_UNUSED_FUNCTION = YES;
				GCC_WARN_UNUSED_VARIABLE = YES;
				IPHONEOS_DEPLOYMENT_TARGET = 7.1;
				SDKROOT = iphoneos;
				VALIDATE_PRODUCT = YES;
			};
			name = Release;
		};
		8F6571EB18F909D100477299 /* Debug */ = {
			isa = XCBuildConfiguration;
			buildSettings = {
				ASSETCATALOG_COMPILER_APPICON_NAME = AppIcon;
				ASSETCATALOG_COMPILER_LAUNCHIMAGE_NAME = LaunchImage;
				FRAMEWORK_SEARCH_PATHS = (
					"$(inherited)",
					"$(PROJECT_DIR)",
				);
				GCC_PRECOMPILE_PREFIX_HEADER = YES;
				GCC_PREFIX_HEADER = "Thoughts/Thoughts-Prefix.pch";
				INFOPLIST_FILE = "Thoughts/Thoughts-Info.plist";
				ONLY_ACTIVE_ARCH = NO;
				OTHER_LDFLAGS = (
					"-ObjC",
					"-all_load",
				);
				PRODUCT_NAME = "$(TARGET_NAME)";
				VALID_ARCHS = armv7s;
				WRAPPER_EXTENSION = app;
			};
			name = Debug;
		};
		8F6571EC18F909D100477299 /* Release */ = {
			isa = XCBuildConfiguration;
			buildSettings = {
				ASSETCATALOG_COMPILER_APPICON_NAME = AppIcon;
				ASSETCATALOG_COMPILER_LAUNCHIMAGE_NAME = LaunchImage;
				FRAMEWORK_SEARCH_PATHS = (
					"$(inherited)",
					"$(PROJECT_DIR)",
				);
				GCC_PRECOMPILE_PREFIX_HEADER = YES;
				GCC_PREFIX_HEADER = "Thoughts/Thoughts-Prefix.pch";
				INFOPLIST_FILE = "Thoughts/Thoughts-Info.plist";
				ONLY_ACTIVE_ARCH = NO;
				OTHER_LDFLAGS = (
					"-ObjC",
					"-all_load",
				);
				PRODUCT_NAME = "$(TARGET_NAME)";
				VALID_ARCHS = armv7s;
				WRAPPER_EXTENSION = app;
			};
			name = Release;
		};
		8F6571EE18F909D100477299 /* Debug */ = {
			isa = XCBuildConfiguration;
			buildSettings = {
				BUNDLE_LOADER = "$(BUILT_PRODUCTS_DIR)/Thoughts.app/Thoughts";
				FRAMEWORK_SEARCH_PATHS = (
					"$(SDKROOT)/Developer/Library/Frameworks",
					"$(inherited)",
					"$(DEVELOPER_FRAMEWORKS_DIR)",
				);
				GCC_PRECOMPILE_PREFIX_HEADER = YES;
				GCC_PREFIX_HEADER = "Thoughts/Thoughts-Prefix.pch";
				GCC_PREPROCESSOR_DEFINITIONS = (
					"DEBUG=1",
					"$(inherited)",
				);
				INFOPLIST_FILE = "ThoughtsTests/ThoughtsTests-Info.plist";
				PRODUCT_NAME = "$(TARGET_NAME)";
				TEST_HOST = "$(BUNDLE_LOADER)";
				WRAPPER_EXTENSION = xctest;
			};
			name = Debug;
		};
		8F6571EF18F909D100477299 /* Release */ = {
			isa = XCBuildConfiguration;
			buildSettings = {
				BUNDLE_LOADER = "$(BUILT_PRODUCTS_DIR)/Thoughts.app/Thoughts";
				FRAMEWORK_SEARCH_PATHS = (
					"$(SDKROOT)/Developer/Library/Frameworks",
					"$(inherited)",
					"$(DEVELOPER_FRAMEWORKS_DIR)",
				);
				GCC_PRECOMPILE_PREFIX_HEADER = YES;
				GCC_PREFIX_HEADER = "Thoughts/Thoughts-Prefix.pch";
				INFOPLIST_FILE = "ThoughtsTests/ThoughtsTests-Info.plist";
				PRODUCT_NAME = "$(TARGET_NAME)";
				TEST_HOST = "$(BUNDLE_LOADER)";
				WRAPPER_EXTENSION = xctest;
			};
			name = Release;
		};
/* End XCBuildConfiguration section */

/* Begin XCConfigurationList section */
		8F6571B318F909D100477299 /* Build configuration list for PBXProject "Thoughts" */ = {
			isa = XCConfigurationList;
			buildConfigurations = (
				8F6571E818F909D100477299 /* Debug */,
				8F6571E918F909D100477299 /* Release */,
			);
			defaultConfigurationIsVisible = 0;
			defaultConfigurationName = Release;
		};
		8F6571EA18F909D100477299 /* Build configuration list for PBXNativeTarget "Thoughts" */ = {
			isa = XCConfigurationList;
			buildConfigurations = (
				8F6571EB18F909D100477299 /* Debug */,
				8F6571EC18F909D100477299 /* Release */,
			);
			defaultConfigurationIsVisible = 0;
		};
		8F6571ED18F909D100477299 /* Build configuration list for PBXNativeTarget "ThoughtsTests" */ = {
			isa = XCConfigurationList;
			buildConfigurations = (
				8F6571EE18F909D100477299 /* Debug */,
				8F6571EF18F909D100477299 /* Release */,
			);
			defaultConfigurationIsVisible = 0;
		};
/* End XCConfigurationList section */
	};
	rootObject = 8F6571B018F909D100477299 /* Project object */;
}
